
Microsoft Visual Studio Solution File, Format Version 12.00
# Visual Studio Version 16
VisualStudioVersion = 16.0.31624.102
MinimumVisualStudioVersion = 10.0.40219.1
Project("{FAE04EC0-301F-11D3-BF4B-00C04F79EFBC}") = "Employees", "Employees\Employees.csproj", "{4839FE97-718E-4145-814B-F403E168E02C}"
EndProject
Global
	GlobalSection(SolutionConfigurationPlatforms) = preSolution
		Debug|Any CPU = Debug|Any CPU
		Release|Any CPU = Release|Any CPU
	EndGlobalSection
	GlobalSection(ProjectConfigurationPlatforms) = postSolution
		{4839FE97-718E-4145-814B-F403E168E02C}.Debug|Any CPU.ActiveCfg = Debug|Any CPU
		{4839FE97-718E-4145-814B-F403E168E02C}.Debug|Any CPU.Build.0 = Debug|Any CPU
		{4839FE97-718E-4145-814B-F403E168E02C}.Release|Any CPU.ActiveCfg = Release|Any CPU
		{4839FE97-718E-4145-814B-F403E168E02C}.Release|Any CPU.Build.0 = Release|Any CPU
	EndGlobalSection
	GlobalSection(SolutionProperties) = preSolution
		HideSolutionNode = FALSE
	EndGlobalSection
	GlobalSection(ExtensibilityGlobals) = postSolution
		SolutionGuid = {1D9CAEFC-B710-487F-908A-E26EF272CE9D}
	EndGlobalSection
EndGlobal
